# This file is autogenerated, do not edit; changes may be undone by the next 'dep ensure'.


[[projects]]
  name = "github.com/go-sql-driver/mysql"
  packages = ["."]
  revision = "a0583e0143b1624142adab07e0e97fe106d99561"
  version = "v1.3"

[[projects]]
  branch = "master"
  name = "github.com/jmoiron/sqlx"
  packages = [
    ".",
    "reflectx"
  ]
  revision = "cf35089a197953c69420c8d0cecda90809764b1d"

[[projects]]
  name = "github.com/julienschmidt/httprouter"
  packages = ["."]
  revision = "8c199fb6259ffc1af525cc3ad52ee60ba8359669"
  version = "v1.1"

[[projects]]
  name = "github.com/rs/cors"
  packages = ["."]
  revision = "feef513b9575b32f84bafa580aad89b011259019"
  version = "v1.3.0"

[solve-meta]
  analyzer-name = "dep"
  analyzer-version = 1
  inputs-digest = "e21ca927d9dfc41df34be20ff70aba7bda658d9b8f4c57fc2421c1d8bc160a0f"
  solver-name = "gps-cdcl"
  solver-version = 1
